{
  "version": 4,
  "terraform_version": "1.10.4",
  "serial": 1,
  "lineage": "aa25c650-bd9a-2444-46c6-b67913b174ae",
  "outputs": {},
  "resources": [
    {
      "mode": "managed",
      "type": "supabase_project",
      "name": "production",
      "provider": "provider[\"registry.terraform.io/supabase/supabase\"]",
      "instances": [
        {
          "schema_version": 0,
          "attributes": {
            "database_password": null,
            "id": "kbunoygknhuzlucepxhn",
            "instance_size": null,
            "name": "nwHacks2025",
            "organization_id": "kmpknvkyivihncqgshma",
            "region": "us-west-1"
          },
          "sensitive_attributes": [
            [
              {
                "type": "get_attr",
                "value": "database_password"
              }
            ]
          ]
        }
      ]
    },
    {
      "mode": "managed",
      "type": "supabase_settings",
      "name": "production",
      "provider": "provider[\"registry.terraform.io/supabase/supabase\"]",
      "instances": [
        {
          "schema_version": 0,
          "attributes": {
            "api": "{\"db_extra_search_path\":\"public,extensions\",\"db_schema\":\"public,storage,graphql_public\",\"max_rows\":1000}",
            "auth": null,
            "database": null,
            "id": "kbunoygknhuzlucepxhn",
            "network": null,
            "pooler": null,
            "project_ref": "kbunoygknhuzlucepxhn",
            "storage": null
          },
          "sensitive_attributes": []
        }
      ]
    }
  ],
  "check_results": null
}
